// !$*UTF8*$!
{
	archiveVersion = 1;
	classes = {
	};
	objectVersion = 46;
	objects = {

/* Begin PBXBuildFile section */
		3ADF90DFCAB69091CA9B855B /* Pods.framework in Frameworks */ = {isa = PBXBuildFile; fileRef = 66B6FF67BC55F26532FE4B64 /* Pods.framework */; };
		841608111C113B0D006331D0 /* LiftFormViewController.swift in Sources */ = {isa = PBXBuildFile; fileRef = 841608101C113B0D006331D0 /* LiftFormViewController.swift */; };
		843040E61BF7A9200066C48D /* LiftTableViewCell.swift in Sources */ = {isa = PBXBuildFile; fileRef = 843040E51BF7A9200066C48D /* LiftTableViewCell.swift */; };
		843040E81BF7B3030066C48D /* Lift.swift in Sources */ = {isa = PBXBuildFile; fileRef = 843040E71BF7B3030066C48D /* Lift.swift */; };
		843040EA1BF7D2DD0066C48D /* LiftPickerView.swift in Sources */ = {isa = PBXBuildFile; fileRef = 843040E91BF7D2DD0066C48D /* LiftPickerView.swift */; };
		843040EC1BF901F00066C48D /* ResponseObjectSerializable.swift in Sources */ = {isa = PBXBuildFile; fileRef = 843040EB1BF901F00066C48D /* ResponseObjectSerializable.swift */; };
		843040EE1BF902BE0066C48D /* ResponseCollectionSerializable.swift in Sources */ = {isa = PBXBuildFile; fileRef = 843040ED1BF902BE0066C48D /* ResponseCollectionSerializable.swift */; };
		843040F11BF929510066C48D /* User.swift in Sources */ = {isa = PBXBuildFile; fileRef = 843040F01BF929510066C48D /* User.swift */; };
		843040F31BF963EB0066C48D /* Video.swift in Sources */ = {isa = PBXBuildFile; fileRef = 843040F21BF963EB0066C48D /* Video.swift */; };
		843040F71BFEC0FF0066C48D /* PlayerView.swift in Sources */ = {isa = PBXBuildFile; fileRef = 843040F61BFEC0FF0066C48D /* PlayerView.swift */; };
		843040F91C0269750066C48D /* Comment.swift in Sources */ = {isa = PBXBuildFile; fileRef = 843040F81C0269750066C48D /* Comment.swift */; };
		8471B8C71BF0016C00DE368E /* LiftTableViewController.swift in Sources */ = {isa = PBXBuildFile; fileRef = 8471B8C61BF0016C00DE368E /* LiftTableViewController.swift */; };
		849A8DE11BE6A39D00F40D1C /* AppDelegate.swift in Sources */ = {isa = PBXBuildFile; fileRef = 849A8DE01BE6A39D00F40D1C /* AppDelegate.swift */; };
		849A8DE31BE6A39D00F40D1C /* VideoFormViewController.swift in Sources */ = {isa = PBXBuildFile; fileRef = 849A8DE21BE6A39D00F40D1C /* VideoFormViewController.swift */; };
		849A8DE61BE6A39D00F40D1C /* Main.storyboard in Resources */ = {isa = PBXBuildFile; fileRef = 849A8DE41BE6A39D00F40D1C /* Main.storyboard */; };
		849A8DE81BE6A39D00F40D1C /* Assets.xcassets in Resources */ = {isa = PBXBuildFile; fileRef = 849A8DE71BE6A39D00F40D1C /* Assets.xcassets */; };
		849A8DEB1BE6A39D00F40D1C /* LaunchScreen.storyboard in Resources */ = {isa = PBXBuildFile; fileRef = 849A8DE91BE6A39D00F40D1C /* LaunchScreen.storyboard */; };
		849A8DF61BE6A39D00F40D1C /* liftorumTests.swift in Sources */ = {isa = PBXBuildFile; fileRef = 849A8DF51BE6A39D00F40D1C /* liftorumTests.swift */; };
		849A8E011BE6A39D00F40D1C /* liftorumUITests.swift in Sources */ = {isa = PBXBuildFile; fileRef = 849A8E001BE6A39D00F40D1C /* liftorumUITests.swift */; };
/* End PBXBuildFile section */

/* Begin PBXContainerItemProxy section */
		849A8DF21BE6A39D00F40D1C /* PBXContainerItemProxy */ = {
			isa = PBXContainerItemProxy;
			containerPortal = 849A8DD51BE6A39D00F40D1C /* Project object */;
			proxyType = 1;
			remoteGlobalIDString = 849A8DDC1BE6A39D00F40D1C;
			remoteInfo = liftorum;
		};
		849A8DFD1BE6A39D00F40D1C /* PBXContainerItemProxy */ = {
			isa = PBXContainerItemProxy;
			containerPortal = 849A8DD51BE6A39D00F40D1C /* Project object */;
			proxyType = 1;
			remoteGlobalIDString = 849A8DDC1BE6A39D00F40D1C;
			remoteInfo = liftorum;
		};
/* End PBXContainerItemProxy section */

/* Begin PBXFileReference section */
		66B6FF67BC55F26532FE4B64 /* Pods.framework */ = {isa = PBXFileReference; explicitFileType = wrapper.framework; includeInIndex = 0; path = Pods.framework; sourceTree = BUILT_PRODUCTS_DIR; };
		841608101C113B0D006331D0 /* LiftFormViewController.swift */ = {isa = PBXFileReference; fileEncoding = 4; lastKnownFileType = sourcecode.swift; path = LiftFormViewController.swift; sourceTree = "<group>"; };
		843040E51BF7A9200066C48D /* LiftTableViewCell.swift */ = {isa = PBXFileReference; fileEncoding = 4; lastKnownFileType = sourcecode.swift; path = LiftTableViewCell.swift; sourceTree = "<group>"; };
		843040E71BF7B3030066C48D /* Lift.swift */ = {isa = PBXFileReference; fileEncoding = 4; lastKnownFileType = sourcecode.swift; path = Lift.swift; sourceTree = "<group>"; };
		843040E91BF7D2DD0066C48D /* LiftPickerView.swift */ = {isa = PBXFileReference; fileEncoding = 4; lastKnownFileType = sourcecode.swift; path = LiftPickerView.swift; sourceTree = "<group>"; };
		843040EB1BF901F00066C48D /* ResponseObjectSerializable.swift */ = {isa = PBXFileReference; fileEncoding = 4; lastKnownFileType = sourcecode.swift; path = ResponseObjectSerializable.swift; sourceTree = "<group>"; };
		843040ED1BF902BE0066C48D /* ResponseCollectionSerializable.swift */ = {isa = PBXFileReference; fileEncoding = 4; lastKnownFileType = sourcecode.swift; path = ResponseCollectionSerializable.swift; sourceTree = "<group>"; };
		843040EF1BF925890066C48D /* liftorum-Bridging-Header.h */ = {isa = PBXFileReference; lastKnownFileType = sourcecode.c.h; path = "liftorum-Bridging-Header.h"; sourceTree = "<group>"; };
		843040F01BF929510066C48D /* User.swift */ = {isa = PBXFileReference; fileEncoding = 4; lastKnownFileType = sourcecode.swift; path = User.swift; sourceTree = "<group>"; };
		843040F21BF963EB0066C48D /* Video.swift */ = {isa = PBXFileReference; fileEncoding = 4; lastKnownFileType = sourcecode.swift; path = Video.swift; sourceTree = "<group>"; };
		843040F61BFEC0FF0066C48D /* PlayerView.swift */ = {isa = PBXFileReference; fileEncoding = 4; lastKnownFileType = sourcecode.swift; path = PlayerView.swift; sourceTree = "<group>"; };
		843040F81C0269750066C48D /* Comment.swift */ = {isa = PBXFileReference; fileEncoding = 4; lastKnownFileType = sourcecode.swift; path = Comment.swift; sourceTree = "<group>"; };
		8471B8C61BF0016C00DE368E /* LiftTableViewController.swift */ = {isa = PBXFileReference; fileEncoding = 4; lastKnownFileType = sourcecode.swift; path = LiftTableViewController.swift; sourceTree = "<group>"; };
		849A8DDD1BE6A39D00F40D1C /* liftorum.app */ = {isa = PBXFileReference; explicitFileType = wrapper.application; includeInIndex = 0; path = liftorum.app; sourceTree = BUILT_PRODUCTS_DIR; };
		849A8DE01BE6A39D00F40D1C /* AppDelegate.swift */ = {isa = PBXFileReference; lastKnownFileType = sourcecode.swift; path = AppDelegate.swift; sourceTree = "<group>"; };
		849A8DE21BE6A39D00F40D1C /* VideoFormViewController.swift */ = {isa = PBXFileReference; lastKnownFileType = sourcecode.swift; path = VideoFormViewController.swift; sourceTree = "<group>"; };
		849A8DE51BE6A39D00F40D1C /* Base */ = {isa = PBXFileReference; lastKnownFileType = file.storyboard; name = Base; path = Base.lproj/Main.storyboard; sourceTree = "<group>"; };
		849A8DE71BE6A39D00F40D1C /* Assets.xcassets */ = {isa = PBXFileReference; lastKnownFileType = folder.assetcatalog; path = Assets.xcassets; sourceTree = "<group>"; };
		849A8DEA1BE6A39D00F40D1C /* Base */ = {isa = PBXFileReference; lastKnownFileType = file.storyboard; name = Base; path = Base.lproj/LaunchScreen.storyboard; sourceTree = "<group>"; };
		849A8DEC1BE6A39D00F40D1C /* Info.plist */ = {isa = PBXFileReference; lastKnownFileType = text.plist.xml; path = Info.plist; sourceTree = "<group>"; };
		849A8DF11BE6A39D00F40D1C /* liftorumTests.xctest */ = {isa = PBXFileReference; explicitFileType = wrapper.cfbundle; includeInIndex = 0; path = liftorumTests.xctest; sourceTree = BUILT_PRODUCTS_DIR; };
		849A8DF51BE6A39D00F40D1C /* liftorumTests.swift */ = {isa = PBXFileReference; lastKnownFileType = sourcecode.swift; path = liftorumTests.swift; sourceTree = "<group>"; };
		849A8DF71BE6A39D00F40D1C /* Info.plist */ = {isa = PBXFileReference; lastKnownFileType = text.plist.xml; path = Info.plist; sourceTree = "<group>"; };
		849A8DFC1BE6A39D00F40D1C /* liftorumUITests.xctest */ = {isa = PBXFileReference; explicitFileType = wrapper.cfbundle; includeInIndex = 0; path = liftorumUITests.xctest; sourceTree = BUILT_PRODUCTS_DIR; };
		849A8E001BE6A39D00F40D1C /* liftorumUITests.swift */ = {isa = PBXFileReference; lastKnownFileType = sourcecode.swift; path = liftorumUITests.swift; sourceTree = "<group>"; };
		849A8E021BE6A39D00F40D1C /* Info.plist */ = {isa = PBXFileReference; lastKnownFileType = text.plist.xml; path = Info.plist; sourceTree = "<group>"; };
		A7648A9BD3126733A8F72014 /* Pods.release.xcconfig */ = {isa = PBXFileReference; includeInIndex = 1; lastKnownFileType = text.xcconfig; name = Pods.release.xcconfig; path = "Pods/Target Support Files/Pods/Pods.release.xcconfig"; sourceTree = "<group>"; };
		F4A6E1F83E16A6694351E868 /* Pods.debug.xcconfig */ = {isa = PBXFileReference; includeInIndex = 1; lastKnownFileType = text.xcconfig; name = Pods.debug.xcconfig; path = "Pods/Target Support Files/Pods/Pods.debug.xcconfig"; sourceTree = "<group>"; };
/* End PBXFileReference section */

/* Begin PBXFrameworksBuildPhase section */
		849A8DDA1BE6A39D00F40D1C /* Frameworks */ = {
			isa = PBXFrameworksBuildPhase;
			buildActionMask = 2147483647;
			files = (
				3ADF90DFCAB69091CA9B855B /* Pods.framework in Frameworks */,
			);
			runOnlyForDeploymentPostprocessing = 0;
		};
		849A8DEE1BE6A39D00F40D1C /* Frameworks */ = {
			isa = PBXFrameworksBuildPhase;
			buildActionMask = 2147483647;
			files = (
			);
			runOnlyForDeploymentPostprocessing = 0;
		};
		849A8DF91BE6A39D00F40D1C /* Frameworks */ = {
			isa = PBXFrameworksBuildPhase;
			buildActionMask = 2147483647;
			files = (
			);
			runOnlyForDeploymentPostprocessing = 0;
		};
/* End PBXFrameworksBuildPhase section */

/* Begin PBXGroup section */
		43F9D703B5504727721E9AEE /* Pods */ = {
			isa = PBXGroup;
			children = (
				F4A6E1F83E16A6694351E868 /* Pods.debug.xcconfig */,
				A7648A9BD3126733A8F72014 /* Pods.release.xcconfig */,
			);
			name = Pods;
			sourceTree = "<group>";
		};
		849A8DD41BE6A39D00F40D1C = {
			isa = PBXGroup;
			children = (
				849A8DDF1BE6A39D00F40D1C /* liftorum */,
				849A8DF41BE6A39D00F40D1C /* liftorumTests */,
				849A8DFF1BE6A39D00F40D1C /* liftorumUITests */,
				849A8DDE1BE6A39D00F40D1C /* Products */,
				43F9D703B5504727721E9AEE /* Pods */,
				DAF00FD468C8692C5472B08C /* Frameworks */,
			);
			sourceTree = "<group>";
		};
		849A8DDE1BE6A39D00F40D1C /* Products */ = {
			isa = PBXGroup;
			children = (
				849A8DDD1BE6A39D00F40D1C /* liftorum.app */,
				849A8DF11BE6A39D00F40D1C /* liftorumTests.xctest */,
				849A8DFC1BE6A39D00F40D1C /* liftorumUITests.xctest */,
			);
			name = Products;
			sourceTree = "<group>";
		};
		849A8DDF1BE6A39D00F40D1C /* liftorum */ = {
			isa = PBXGroup;
			children = (
				843040EF1BF925890066C48D /* liftorum-Bridging-Header.h */,
				849A8DEC1BE6A39D00F40D1C /* Info.plist */,
				849A8DE01BE6A39D00F40D1C /* AppDelegate.swift */,
				843040E71BF7B3030066C48D /* Lift.swift */,
				843040F81C0269750066C48D /* Comment.swift */,
				843040E91BF7D2DD0066C48D /* LiftPickerView.swift */,
				843040E51BF7A9200066C48D /* LiftTableViewCell.swift */,
				8471B8C61BF0016C00DE368E /* LiftTableViewController.swift */,
				841608101C113B0D006331D0 /* LiftFormViewController.swift */,
				849A8DE21BE6A39D00F40D1C /* VideoFormViewController.swift */,
				843040F61BFEC0FF0066C48D /* PlayerView.swift */,
				843040ED1BF902BE0066C48D /* ResponseCollectionSerializable.swift */,
				843040EB1BF901F00066C48D /* ResponseObjectSerializable.swift */,
				843040F01BF929510066C48D /* User.swift */,
				843040F21BF963EB0066C48D /* Video.swift */,
				849A8DE71BE6A39D00F40D1C /* Assets.xcassets */,
				849A8DE91BE6A39D00F40D1C /* LaunchScreen.storyboard */,
				849A8DE41BE6A39D00F40D1C /* Main.storyboard */,
			);
			path = liftorum;
			sourceTree = "<group>";
		};
		849A8DF41BE6A39D00F40D1C /* liftorumTests */ = {
			isa = PBXGroup;
			children = (
				849A8DF51BE6A39D00F40D1C /* liftorumTests.swift */,
				849A8DF71BE6A39D00F40D1C /* Info.plist */,
			);
			path = liftorumTests;
			sourceTree = "<group>";
		};
		849A8DFF1BE6A39D00F40D1C /* liftorumUITests */ = {
			isa = PBXGroup;
			children = (
				849A8E001BE6A39D00F40D1C /* liftorumUITests.swift */,
				849A8E021BE6A39D00F40D1C /* Info.plist */,
			);
			path = liftorumUITests;
			sourceTree = "<group>";
		};
		DAF00FD468C8692C5472B08C /* Frameworks */ = {
			isa = PBXGroup;
			children = (
				66B6FF67BC55F26532FE4B64 /* Pods.framework */,
			);
			name = Frameworks;
			sourceTree = "<group>";
		};
/* End PBXGroup section */

/* Begin PBXNativeTarget section */
		849A8DDC1BE6A39D00F40D1C /* liftorum */ = {
			isa = PBXNativeTarget;
			buildConfigurationList = 849A8E051BE6A39D00F40D1C /* Build configuration list for PBXNativeTarget "liftorum" */;
			buildPhases = (
				AD9AEA063A6670DEA55C7DF1 /* Check Pods Manifest.lock */,
				849A8DD91BE6A39D00F40D1C /* Sources */,
				849A8DDA1BE6A39D00F40D1C /* Frameworks */,
				849A8DDB1BE6A39D00F40D1C /* Resources */,
				C4B98765F399E856641F9F83 /* Embed Pods Frameworks */,
				12DC8B356B554A61542D8F60 /* Copy Pods Resources */,
			);
			buildRules = (
			);
			dependencies = (
			);
			name = liftorum;
			productName = liftorum;
			productReference = 849A8DDD1BE6A39D00F40D1C /* liftorum.app */;
			productType = "com.apple.product-type.application";
		};
		849A8DF01BE6A39D00F40D1C /* liftorumTests */ = {
			isa = PBXNativeTarget;
			buildConfigurationList = 849A8E081BE6A39D00F40D1C /* Build configuration list for PBXNativeTarget "liftorumTests" */;
			buildPhases = (
				849A8DED1BE6A39D00F40D1C /* Sources */,
				849A8DEE1BE6A39D00F40D1C /* Frameworks */,
				849A8DEF1BE6A39D00F40D1C /* Resources */,
			);
			buildRules = (
			);
			dependencies = (
				849A8DF31BE6A39D00F40D1C /* PBXTargetDependency */,
			);
			name = liftorumTests;
			productName = liftorumTests;
			productReference = 849A8DF11BE6A39D00F40D1C /* liftorumTests.xctest */;
			productType = "com.apple.product-type.bundle.unit-test";
		};
		849A8DFB1BE6A39D00F40D1C /* liftorumUITests */ = {
			isa = PBXNativeTarget;
			buildConfigurationList = 849A8E0B1BE6A39D00F40D1C /* Build configuration list for PBXNativeTarget "liftorumUITests" */;
			buildPhases = (
				849A8DF81BE6A39D00F40D1C /* Sources */,
				849A8DF91BE6A39D00F40D1C /* Frameworks */,
				849A8DFA1BE6A39D00F40D1C /* Resources */,
			);
			buildRules = (
			);
			dependencies = (
				849A8DFE1BE6A39D00F40D1C /* PBXTargetDependency */,
			);
			name = liftorumUITests;
			productName = liftorumUITests;
			productReference = 849A8DFC1BE6A39D00F40D1C /* liftorumUITests.xctest */;
			productType = "com.apple.product-type.bundle.ui-testing";
		};
/* End PBXNativeTarget section */

/* Begin PBXProject section */
		849A8DD51BE6A39D00F40D1C /* Project object */ = {
			isa = PBXProject;
			attributes = {
				LastUpgradeCheck = 0700;
				ORGANIZATIONNAME = liftorum;
				TargetAttributes = {
					849A8DDC1BE6A39D00F40D1C = {
						CreatedOnToolsVersion = 7.0.1;
						DevelopmentTeam = 49XM4YGRNC;
					};
					849A8DF01BE6A39D00F40D1C = {
						CreatedOnToolsVersion = 7.0.1;
						TestTargetID = 849A8DDC1BE6A39D00F40D1C;
					};
					849A8DFB1BE6A39D00F40D1C = {
						CreatedOnToolsVersion = 7.0.1;
						TestTargetID = 849A8DDC1BE6A39D00F40D1C;
					};
				};
			};
			buildConfigurationList = 849A8DD81BE6A39D00F40D1C /* Build configuration list for PBXProject "liftorum" */;
			compatibilityVersion = "Xcode 3.2";
			developmentRegion = English;
			hasScannedForEncodings = 0;
			knownRegions = (
				en,
				Base,
			);
			mainGroup = 849A8DD41BE6A39D00F40D1C;
			productRefGroup = 849A8DDE1BE6A39D00F40D1C /* Products */;
			projectDirPath = "";
			projectRoot = "";
			targets = (
				849A8DDC1BE6A39D00F40D1C /* liftorum */,
				849A8DF01BE6A39D00F40D1C /* liftorumTests */,
				849A8DFB1BE6A39D00F40D1C /* liftorumUITests */,
			);
		};
/* End PBXProject section */

/* Begin PBXResourcesBuildPhase section */
		849A8DDB1BE6A39D00F40D1C /* Resources */ = {
			isa = PBXResourcesBuildPhase;
			buildActionMask = 2147483647;
			files = (
				849A8DEB1BE6A39D00F40D1C /* LaunchScreen.storyboard in Resources */,
				849A8DE81BE6A39D00F40D1C /* Assets.xcassets in Resources */,
				849A8DE61BE6A39D00F40D1C /* Main.storyboard in Resources */,
			);
			runOnlyForDeploymentPostprocessing = 0;
		};
		849A8DEF1BE6A39D00F40D1C /* Resources */ = {
			isa = PBXResourcesBuildPhase;
			buildActionMask = 2147483647;
			files = (
			);
			runOnlyForDeploymentPostprocessing = 0;
		};
		849A8DFA1BE6A39D00F40D1C /* Resources */ = {
			isa = PBXResourcesBuildPhase;
			buildActionMask = 2147483647;
			files = (
			);
			runOnlyForDeploymentPostprocessing = 0;
		};
/* End PBXResourcesBuildPhase section */

/* Begin PBXShellScriptBuildPhase section */
		12DC8B356B554A61542D8F60 /* Copy Pods Resources */ = {
			isa = PBXShellScriptBuildPhase;
			buildActionMask = 2147483647;
			files = (
			);
			inputPaths = (
			);
			name = "Copy Pods Resources";
			outputPaths = (
			);
			runOnlyForDeploymentPostprocessing = 0;
			shellPath = /bin/sh;
			shellScript = "\"${SRCROOT}/Pods/Target Support Files/Pods/Pods-resources.sh\"\n";
			showEnvVarsInLog = 0;
		};
		AD9AEA063A6670DEA55C7DF1 /* Check Pods Manifest.lock */ = {
			isa = PBXShellScriptBuildPhase;
			buildActionMask = 2147483647;
			files = (
			);
			inputPaths = (
			);
			name = "Check Pods Manifest.lock";
			outputPaths = (
			);
			runOnlyForDeploymentPostprocessing = 0;
			shellPath = /bin/sh;
			shellScript = "diff \"${PODS_ROOT}/../Podfile.lock\" \"${PODS_ROOT}/Manifest.lock\" > /dev/null\nif [[ $? != 0 ]] ; then\n    cat << EOM\nerror: The sandbox is not in sync with the Podfile.lock. Run 'pod install' or update your CocoaPods installation.\nEOM\n    exit 1\nfi\n";
			showEnvVarsInLog = 0;
		};
		C4B98765F399E856641F9F83 /* Embed Pods Frameworks */ = {
			isa = PBXShellScriptBuildPhase;
			buildActionMask = 2147483647;
			files = (
			);
			inputPaths = (
			);
			name = "Embed Pods Frameworks";
			outputPaths = (
			);
			runOnlyForDeploymentPostprocessing = 0;
			shellPath = /bin/sh;
			shellScript = "\"${SRCROOT}/Pods/Target Support Files/Pods/Pods-frameworks.sh\"\n";
			showEnvVarsInLog = 0;
		};
/* End PBXShellScriptBuildPhase section */

/* Begin PBXSourcesBuildPhase section */
		849A8DD91BE6A39D00F40D1C /* Sources */ = {
			isa = PBXSourcesBuildPhase;
			buildActionMask = 2147483647;
			files = (
				843040E61BF7A9200066C48D /* LiftTableViewCell.swift in Sources */,
				843040EE1BF902BE0066C48D /* ResponseCollectionSerializable.swift in Sources */,
				849A8DE31BE6A39D00F40D1C /* VideoFormViewController.swift in Sources */,
				843040F71BFEC0FF0066C48D /* PlayerView.swift in Sources */,
				849A8DE11BE6A39D00F40D1C /* AppDelegate.swift in Sources */,
				843040EA1BF7D2DD0066C48D /* LiftPickerView.swift in Sources */,
				843040F11BF929510066C48D /* User.swift in Sources */,
				843040F91C0269750066C48D /* Comment.swift in Sources */,
				841608111C113B0D006331D0 /* LiftFormViewController.swift in Sources */,
				8471B8C71BF0016C00DE368E /* LiftTableViewController.swift in Sources */,
				843040E81BF7B3030066C48D /* Lift.swift in Sources */,
				843040EC1BF901F00066C48D /* ResponseObjectSerializable.swift in Sources */,
				843040F31BF963EB0066C48D /* Video.swift in Sources */,
			);
			runOnlyForDeploymentPostprocessing = 0;
		};
		849A8DED1BE6A39D00F40D1C /* Sources */ = {
			isa = PBXSourcesBuildPhase;
			buildActionMask = 2147483647;
			files = (
				849A8DF61BE6A39D00F40D1C /* liftorumTests.swift in Sources */,
			);
			runOnlyForDeploymentPostprocessing = 0;
		};
		849A8DF81BE6A39D00F40D1C /* Sources */ = {
			isa = PBXSourcesBuildPhase;
			buildActionMask = 2147483647;
			files = (
				849A8E011BE6A39D00F40D1C /* liftorumUITests.swift in Sources */,
			);
			runOnlyForDeploymentPostprocessing = 0;
		};
/* End PBXSourcesBuildPhase section */

/* Begin PBXTargetDependency section */
		849A8DF31BE6A39D00F40D1C /* PBXTargetDependency */ = {
			isa = PBXTargetDependency;
			target = 849A8DDC1BE6A39D00F40D1C /* liftorum */;
			targetProxy = 849A8DF21BE6A39D00F40D1C /* PBXContainerItemProxy */;
		};
		849A8DFE1BE6A39D00F40D1C /* PBXTargetDependency */ = {
			isa = PBXTargetDependency;
			target = 849A8DDC1BE6A39D00F40D1C /* liftorum */;
			targetProxy = 849A8DFD1BE6A39D00F40D1C /* PBXContainerItemProxy */;
		};
/* End PBXTargetDependency section */

/* Begin PBXVariantGroup section */
		849A8DE41BE6A39D00F40D1C /* Main.storyboard */ = {
			isa = PBXVariantGroup;
			children = (
				849A8DE51BE6A39D00F40D1C /* Base */,
			);
			name = Main.storyboard;
			sourceTree = "<group>";
		};
		849A8DE91BE6A39D00F40D1C /* LaunchScreen.storyboard */ = {
			isa = PBXVariantGroup;
			children = (
				849A8DEA1BE6A39D00F40D1C /* Base */,
			);
			name = LaunchScreen.storyboard;
			sourceTree = "<group>";
		};
/* End PBXVariantGroup section */

/* Begin XCBuildConfiguration section */
		849A8E031BE6A39D00F40D1C /* Debug */ = {
			isa = XCBuildConfiguration;
			buildSettings = {
				ALWAYS_SEARCH_USER_PATHS = NO;
				CLANG_CXX_LANGUAGE_STANDARD = "gnu++0x";
				CLANG_CXX_LIBRARY = "libc++";
				CLANG_ENABLE_MODULES = YES;
				CLANG_ENABLE_OBJC_ARC = YES;
				CLANG_WARN_BOOL_CONVERSION = YES;
				CLANG_WARN_CONSTANT_CONVERSION = YES;
				CLANG_WARN_DIRECT_OBJC_ISA_USAGE = YES_ERROR;
				CLANG_WARN_EMPTY_BODY = YES;
				CLANG_WARN_ENUM_CONVERSION = YES;
				CLANG_WARN_INT_CONVERSION = YES;
				CLANG_WARN_OBJC_ROOT_CLASS = YES_ERROR;
				CLANG_WARN_UNREACHABLE_CODE = YES;
				CLANG_WARN__DUPLICATE_METHOD_MATCH = YES;
				"CODE_SIGN_IDENTITY[sdk=iphoneos*]" = "iPhone Developer";
				COPY_PHASE_STRIP = NO;
				DEBUG_INFORMATION_FORMAT = dwarf;
				ENABLE_STRICT_OBJC_MSGSEND = YES;
				ENABLE_TESTABILITY = YES;
				GCC_C_LANGUAGE_STANDARD = gnu99;
				GCC_DYNAMIC_NO_PIC = NO;
				GCC_NO_COMMON_BLOCKS = YES;
				GCC_OPTIMIZATION_LEVEL = 0;
				GCC_PREPROCESSOR_DEFINITIONS = (
					"DEBUG=1",
					"$(inherited)",
				);
				GCC_WARN_64_TO_32_BIT_CONVERSION = YES;
				GCC_WARN_ABOUT_RETURN_TYPE = YES_ERROR;
				GCC_WARN_UNDECLARED_SELECTOR = YES;
				GCC_WARN_UNINITIALIZED_AUTOS = YES_AGGRESSIVE;
				GCC_WARN_UNUSED_FUNCTION = YES;
				GCC_WARN_UNUSED_VARIABLE = YES;
				IPHONEOS_DEPLOYMENT_TARGET = 9.0;
				MTL_ENABLE_DEBUG_INFO = YES;
				ONLY_ACTIVE_ARCH = YES;
				SDKROOT = iphoneos;
				SWIFT_OPTIMIZATION_LEVEL = "-Onone";
				TARGETED_DEVICE_FAMILY = "1,2";
			};
			name = Debug;
		};
		849A8E041BE6A39D00F40D1C /* Release */ = {
			isa = XCBuildConfiguration;
			buildSettings = {
				ALWAYS_SEARCH_USER_PATHS = NO;
				CLANG_CXX_LANGUAGE_STANDARD = "gnu++0x";
				CLANG_CXX_LIBRARY = "libc++";
				CLANG_ENABLE_MODULES = YES;
				CLANG_ENABLE_OBJC_ARC = YES;
				CLANG_WARN_BOOL_CONVERSION = YES;
				CLANG_WARN_CONSTANT_CONVERSION = YES;
				CLANG_WARN_DIRECT_OBJC_ISA_USAGE = YES_ERROR;
				CLANG_WARN_EMPTY_BODY = YES;
				CLANG_WARN_ENUM_CONVERSION = YES;
				CLANG_WARN_INT_CONVERSION = YES;
				CLANG_WARN_OBJC_ROOT_CLASS = YES_ERROR;
				CLANG_WARN_UNREACHABLE_CODE = YES;
				CLANG_WARN__DUPLICATE_METHOD_MATCH = YES;
				"CODE_SIGN_IDENTITY[sdk=iphoneos*]" = "iPhone Developer";
				COPY_PHASE_STRIP = NO;
				DEBUG_INFORMATION_FORMAT = "dwarf-with-dsym";
				ENABLE_NS_ASSERTIONS = NO;
				ENABLE_STRICT_OBJC_MSGSEND = YES;
				GCC_C_LANGUAGE_STANDARD = gnu99;
				GCC_NO_COMMON_BLOCKS = YES;
				GCC_WARN_64_TO_32_BIT_CONVERSION = YES;
				GCC_WARN_ABOUT_RETURN_TYPE = YES_ERROR;
				GCC_WARN_UNDECLARED_SELECTOR = YES;
				GCC_WARN_UNINITIALIZED_AUTOS = YES_AGGRESSIVE;
				GCC_WARN_UNUSED_FUNCTION = YES;
				GCC_WARN_UNUSED_VARIABLE = YES;
				IPHONEOS_DEPLOYMENT_TARGET = 9.0;
				MTL_ENABLE_DEBUG_INFO = NO;
				SDKROOT = iphoneos;
				TARGETED_DEVICE_FAMILY = "1,2";
				VALIDATE_PRODUCT = YES;
			};
			name = Release;
		};
		849A8E061BE6A39D00F40D1C /* Debug */ = {
			isa = XCBuildConfiguration;
			baseConfigurationReference = F4A6E1F83E16A6694351E868 /* Pods.debug.xcconfig */;
			buildSettings = {
				ASSETCATALOG_COMPILER_APPICON_NAME = AppIcon;
				CODE_SIGN_IDENTITY = "iPhone Developer";
				"CODE_SIGN_IDENTITY[sdk=iphoneos*]" = "iPhone Developer";
				INFOPLIST_FILE = liftorum/Info.plist;
				LD_RUNPATH_SEARCH_PATHS = "$(inherited) @executable_path/Frameworks";
				PRODUCT_BUNDLE_IDENTIFIER = com.liftorum;
				PRODUCT_NAME = "$(TARGET_NAME)";
				PROVISIONING_PROFILE = "";
				SWIFT_OBJC_BRIDGING_HEADER = "liftorum/liftorum-Bridging-Header.h";
			};
			name = Debug;
		};
		849A8E071BE6A39D00F40D1C /* Release */ = {
			isa = XCBuildConfiguration;
			baseConfigurationReference = A7648A9BD3126733A8F72014 /* Pods.release.xcconfig */;
			buildSettings = {
				ASSETCATALOG_COMPILER_APPICON_NAME = AppIcon;
				CODE_SIGN_IDENTITY = "iPhone Developer";
				"CODE_SIGN_IDENTITY[sdk=iphoneos*]" = "iPhone Developer";
				INFOPLIST_FILE = liftorum/Info.plist;
				LD_RUNPATH_SEARCH_PATHS = "$(inherited) @executable_path/Frameworks";
				PRODUCT_BUNDLE_IDENTIFIER = com.liftorum;
				PRODUCT_NAME = "$(TARGET_NAME)";
				PROVISIONING_PROFILE = "";
				SWIFT_OBJC_BRIDGING_HEADER = "liftorum/liftorum-Bridging-Header.h";
			};
			name = Release;
		};
		849A8E091BE6A39D00F40D1C /* Debug */ = {
			isa = XCBuildConfiguration;
			buildSettings = {
				BUNDLE_LOADER = "$(TEST_HOST)";
				INFOPLIST_FILE = liftorumTests/Info.plist;
				LD_RUNPATH_SEARCH_PATHS = "$(inherited) @executable_path/Frameworks @loader_path/Frameworks";
				PRODUCT_BUNDLE_IDENTIFIER = com.liftorumTests;
				PRODUCT_NAME = "$(TARGET_NAME)";
				TEST_HOST = "$(BUILT_PRODUCTS_DIR)/liftorum.app/liftorum";
			};
			name = Debug;
		};
		849A8E0A1BE6A39D00F40D1C /* Release */ = {
			isa = XCBuildConfiguration;
			buildSettings = {
				BUNDLE_LOADER = "$(TEST_HOST)";
				INFOPLIST_FILE = liftorumTests/Info.plist;
				LD_RUNPATH_SEARCH_PATHS = "$(inherited) @executable_path/Frameworks @loader_path/Frameworks";
				PRODUCT_BUNDLE_IDENTIFIER = com.liftorumTests;
				PRODUCT_NAME = "$(TARGET_NAME)";
				TEST_HOST = "$(BUILT_PRODUCTS_DIR)/liftorum.app/liftorum";
			};
			name = Release;
		};
		849A8E0C1BE6A39D00F40D1C /* Debug */ = {
			isa = XCBuildConfiguration;
			buildSettings = {
				INFOPLIST_FILE = liftorumUITests/Info.plist;
				LD_RUNPATH_SEARCH_PATHS = "$(inherited) @executable_path/Frameworks @loader_path/Frameworks";
				PRODUCT_BUNDLE_IDENTIFIER = com.liftorumUITests;
				PRODUCT_NAME = "$(TARGET_NAME)";
				TEST_TARGET_NAME = liftorum;
				USES_XCTRUNNER = YES;
			};
			name = Debug;
		};
		849A8E0D1BE6A39D00F40D1C /* Release */ = {
			isa = XCBuildConfiguration;
			buildSettings = {
				INFOPLIST_FILE = liftorumUITests/Info.plist;
				LD_RUNPATH_SEARCH_PATHS = "$(inherited) @executable_path/Frameworks @loader_path/Frameworks";
				PRODUCT_BUNDLE_IDENTIFIER = com.liftorumUITests;
				PRODUCT_NAME = "$(TARGET_NAME)";
				TEST_TARGET_NAME = liftorum;
				USES_XCTRUNNER = YES;
			};
			name = Release;
		};
/* End XCBuildConfiguration section */

/* Begin XCConfigurationList section */
		849A8DD81BE6A39D00F40D1C /* Build configuration list for PBXProject "liftorum" */ = {
			isa = XCConfigurationList;
			buildConfigurations = (
				849A8E031BE6A39D00F40D1C /* Debug */,
				849A8E041BE6A39D00F40D1C /* Release */,
			);
			defaultConfigurationIsVisible = 0;
			defaultConfigurationName = Release;
		};
		849A8E051BE6A39D00F40D1C /* Build configuration list for PBXNativeTarget "liftorum" */ = {
			isa = XCConfigurationList;
			buildConfigurations = (
				849A8E061BE6A39D00F40D1C /* Debug */,
				849A8E071BE6A39D00F40D1C /* Release */,
			);
			defaultConfigurationIsVisible = 0;
			defaultConfigurationName = Release;
		};
		849A8E081BE6A39D00F40D1C /* Build configuration list for PBXNativeTarget "liftorumTests" */ = {
			isa = XCConfigurationList;
			buildConfigurations = (
				849A8E091BE6A39D00F40D1C /* Debug */,
				849A8E0A1BE6A39D00F40D1C /* Release */,
			);
			defaultConfigurationIsVisible = 0;
			defaultConfigurationName = Release;
		};
		849A8E0B1BE6A39D00F40D1C /* Build configuration list for PBXNativeTarget "liftorumUITests" */ = {
			isa = XCConfigurationList;
			buildConfigurations = (
				849A8E0C1BE6A39D00F40D1C /* Debug */,
				849A8E0D1BE6A39D00F40D1C /* Release */,
			);
			defaultConfigurationIsVisible = 0;
			defaultConfigurationName = Release;
		};
/* End XCConfigurationList section */
	};
	rootObject = 849A8DD51BE6A39D00F40D1C /* Project object */;
}
